
Microsoft Visual Studio Solution File, Format Version 12.00
# Visual Studio Version 17
VisualStudioVersion = 17.9.34728.123
MinimumVisualStudioVersion = 10.0.40219.1
Project("{FAE04EC0-301F-11D3-BF4B-00C04F79EFBC}") = "Hospital_CRUD", "Hospital_CRUD\Hospital_CRUD.csproj", "{7DAEBADE-3A04-4929-96F9-66331A51ABE9}"
EndProject
Global
	GlobalSection(SolutionConfigurationPlatforms) = preSolution
		Debug|Any CPU = Debug|Any CPU
		Release|Any CPU = Release|Any CPU
	EndGlobalSection
	GlobalSection(ProjectConfigurationPlatforms) = postSolution
		{7DAEBADE-3A04-4929-96F9-66331A51ABE9}.Debug|Any CPU.ActiveCfg = Debug|Any CPU
		{7DAEBADE-3A04-4929-96F9-66331A51ABE9}.Debug|Any CPU.Build.0 = Debug|Any CPU
		{7DAEBADE-3A04-4929-96F9-66331A51ABE9}.Release|Any CPU.ActiveCfg = Release|Any CPU
		{7DAEBADE-3A04-4929-96F9-66331A51ABE9}.Release|Any CPU.Build.0 = Release|Any CPU
	EndGlobalSection
	GlobalSection(SolutionProperties) = preSolution
		HideSolutionNode = FALSE
	EndGlobalSection
	GlobalSection(ExtensibilityGlobals) = postSolution
		SolutionGuid = {FAAE12D7-CD22-4A27-A591-F5F3C519AC82}
	EndGlobalSection
EndGlobal
